
Microsoft Visual Studio Solution File, Format Version 12.00
# Visual Studio Version 16
VisualStudioVersion = 16.0.35826.135
MinimumVisualStudioVersion = 10.0.40219.1
Project("{FAE04EC0-301F-11D3-BF4B-00C04F79EFBC}") = "piris.DomainService", "piris.DomainService\piris.DomainService.csproj", "{C1BC7521-97D8-4DAF-9831-962A4A72CE53}"
EndProject
Project("{FAE04EC0-301F-11D3-BF4B-00C04F79EFBC}") = "WpfApp1", "WpfApp1\WpfApp1.csproj", "{46F9FE06-485C-4B50-BAB2-1A6BBFC9C3FE}"
EndProject
Project("{FAE04EC0-301F-11D3-BF4B-00C04F79EFBC}") = "piris.ServerHost", "piris.ServerHost\piris.ServerHost.csproj", "{F050621A-DDD0-454C-A2C8-4055B18EA43C}"
EndProject
Global
	GlobalSection(SolutionConfigurationPlatforms) = preSolution
		Debug|Any CPU = Debug|Any CPU
		Release|Any CPU = Release|Any CPU
	EndGlobalSection
	GlobalSection(ProjectConfigurationPlatforms) = postSolution
		{C1BC7521-97D8-4DAF-9831-962A4A72CE53}.Debug|Any CPU.ActiveCfg = Debug|Any CPU
		{C1BC7521-97D8-4DAF-9831-962A4A72CE53}.Debug|Any CPU.Build.0 = Debug|Any CPU
		{C1BC7521-97D8-4DAF-9831-962A4A72CE53}.Release|Any CPU.ActiveCfg = Release|Any CPU
		{C1BC7521-97D8-4DAF-9831-962A4A72CE53}.Release|Any CPU.Build.0 = Release|Any CPU
		{46F9FE06-485C-4B50-BAB2-1A6BBFC9C3FE}.Debug|Any CPU.ActiveCfg = Debug|Any CPU
		{46F9FE06-485C-4B50-BAB2-1A6BBFC9C3FE}.Debug|Any CPU.Build.0 = Debug|Any CPU
		{46F9FE06-485C-4B50-BAB2-1A6BBFC9C3FE}.Release|Any CPU.ActiveCfg = Release|Any CPU
		{46F9FE06-485C-4B50-BAB2-1A6BBFC9C3FE}.Release|Any CPU.Build.0 = Release|Any CPU
		{F050621A-DDD0-454C-A2C8-4055B18EA43C}.Debug|Any CPU.ActiveCfg = Debug|Any CPU
		{F050621A-DDD0-454C-A2C8-4055B18EA43C}.Debug|Any CPU.Build.0 = Debug|Any CPU
		{F050621A-DDD0-454C-A2C8-4055B18EA43C}.Release|Any CPU.ActiveCfg = Release|Any CPU
		{F050621A-DDD0-454C-A2C8-4055B18EA43C}.Release|Any CPU.Build.0 = Release|Any CPU
	EndGlobalSection
	GlobalSection(SolutionProperties) = preSolution
		HideSolutionNode = FALSE
	EndGlobalSection
	GlobalSection(ExtensibilityGlobals) = postSolution
		SolutionGuid = {94DCDD3E-CABE-436A-B994-3410F6E7F058}
	EndGlobalSection
EndGlobal
